// !$*UTF8*$!
{
	archiveVersion = 1;
	classes = {
	};
	objectVersion = 50;
	objects = {

/* Begin PBXBuildFile section */
		5509A57E21BAB76900FBC0DC /* ToolTestProject1.swift in Sources */ = {isa = PBXBuildFile; fileRef = 5509A57D21BAB76900FBC0DC /* ToolTestProject1.swift */; };
		5509A58C21BAC56900FBC0DC /* ToolTestProject2.swift in Sources */ = {isa = PBXBuildFile; fileRef = 5509A58021BAC4EA00FBC0DC /* ToolTestProject2.swift */; };
		55C37BCA21BFB8010012BC0D /* EntityInfo.generated.swift in Sources */ = {isa = PBXBuildFile; fileRef = 55C37BC921BFB8010012BC0D /* EntityInfo.generated.swift */; };
		55C37BCB21BFB8010012BC0D /* EntityInfo.generated.swift in Sources */ = {isa = PBXBuildFile; fileRef = 55C37BC921BFB8010012BC0D /* EntityInfo.generated.swift */; };
/* End PBXBuildFile section */

/* Begin PBXCopyFilesBuildPhase section */
		5509A56521BAB58600FBC0DC /* CopyFiles */ = {
			isa = PBXCopyFilesBuildPhase;
			buildActionMask = 2147483647;
			dstPath = /usr/share/man/man1/;
			dstSubfolderSpec = 0;
			files = (
			);
			runOnlyForDeploymentPostprocessing = 1;
		};
		5509A58321BAC50800FBC0DC /* CopyFiles */ = {
			isa = PBXCopyFilesBuildPhase;
			buildActionMask = 2147483647;
			dstPath = /usr/share/man/man1/;
			dstSubfolderSpec = 0;
			files = (
			);
			runOnlyForDeploymentPostprocessing = 1;
		};
/* End PBXCopyFilesBuildPhase section */

/* Begin PBXFileReference section */
		5509A56721BAB58600FBC0DC /* ToolTestProject1 */ = {isa = PBXFileReference; explicitFileType = "compiled.mach-o.executable"; includeInIndex = 0; path = ToolTestProject1; sourceTree = BUILT_PRODUCTS_DIR; };
		5509A57D21BAB76900FBC0DC /* ToolTestProject1.swift */ = {isa = PBXFileReference; fileEncoding = 4; lastKnownFileType = sourcecode.swift; path = ToolTestProject1.swift; sourceTree = "<group>"; };
		5509A58021BAC4EA00FBC0DC /* ToolTestProject2.swift */ = {isa = PBXFileReference; lastKnownFileType = sourcecode.swift; path = ToolTestProject2.swift; sourceTree = "<group>"; };
		5509A58521BAC50800FBC0DC /* ToolTestProject2 */ = {isa = PBXFileReference; explicitFileType = "compiled.mach-o.executable"; includeInIndex = 0; path = ToolTestProject2; sourceTree = BUILT_PRODUCTS_DIR; };
		55C37BC921BFB8010012BC0D /* EntityInfo.generated.swift */ = {isa = PBXFileReference; fileEncoding = 4; lastKnownFileType = sourcecode.swift; path = EntityInfo.generated.swift; sourceTree = "<group>"; };
/* End PBXFileReference section */

/* Begin PBXFrameworksBuildPhase section */
		5509A56421BAB58600FBC0DC /* Frameworks */ = {
			isa = PBXFrameworksBuildPhase;
			buildActionMask = 2147483647;
			files = (
			);
			runOnlyForDeploymentPostprocessing = 0;
		};
		5509A58221BAC50800FBC0DC /* Frameworks */ = {
			isa = PBXFrameworksBuildPhase;
			buildActionMask = 2147483647;
			files = (
			);
			runOnlyForDeploymentPostprocessing = 0;
		};
/* End PBXFrameworksBuildPhase section */

/* Begin PBXGroup section */
		5509A55E21BAB58600FBC0DC = {
			isa = PBXGroup;
			children = (
				5509A57D21BAB76900FBC0DC /* ToolTestProject1.swift */,
				5509A58021BAC4EA00FBC0DC /* ToolTestProject2.swift */,
				55C37BC821BFB8010012BC0D /* generated */,
				5509A56821BAB58600FBC0DC /* Products */,
			);
			sourceTree = "<group>";
		};
		5509A56821BAB58600FBC0DC /* Products */ = {
			isa = PBXGroup;
			children = (
				5509A56721BAB58600FBC0DC /* ToolTestProject1 */,
				5509A58521BAC50800FBC0DC /* ToolTestProject2 */,
			);
			name = Products;
			sourceTree = "<group>";
		};
		55C37BC821BFB8010012BC0D /* generated */ = {
			isa = PBXGroup;
			children = (
				55C37BC921BFB8010012BC0D /* EntityInfo.generated.swift */,
			);
			path = generated;
			sourceTree = "<group>";
		};
/* End PBXGroup section */

/* Begin PBXNativeTarget section */
		5509A56621BAB58600FBC0DC /* ToolTestProject1 */ = {
			isa = PBXNativeTarget;
			buildConfigurationList = 5509A56E21BAB58600FBC0DC /* Build configuration list for PBXNativeTarget "ToolTestProject1" */;
			buildPhases = (
				5509A56321BAB58600FBC0DC /* Sources */,
				5509A56421BAB58600FBC0DC /* Frameworks */,
				5509A56521BAB58600FBC0DC /* CopyFiles */,
			);
			buildRules = (
			);
			dependencies = (
			);
			name = ToolTestProject1;
			productName = ToolTestProject;
			productReference = 5509A56721BAB58600FBC0DC /* ToolTestProject1 */;
			productType = "com.apple.product-type.tool";
		};
		5509A58421BAC50800FBC0DC /* ToolTestProject2 */ = {
			isa = PBXNativeTarget;
			buildConfigurationList = 5509A58921BAC50900FBC0DC /* Build configuration list for PBXNativeTarget "ToolTestProject2" */;
			buildPhases = (
				5509A58121BAC50800FBC0DC /* Sources */,
				5509A58221BAC50800FBC0DC /* Frameworks */,
				5509A58321BAC50800FBC0DC /* CopyFiles */,
			);
			buildRules = (
			);
			dependencies = (
			);
			name = ToolTestProject2;
			productName = ToolTestProject2;
			productReference = 5509A58521BAC50800FBC0DC /* ToolTestProject2 */;
			productType = "com.apple.product-type.tool";
		};
/* End PBXNativeTarget section */

/* Begin PBXProject section */
		5509A55F21BAB58600FBC0DC /* Project object */ = {
			isa = PBXProject;
			attributes = {
				LastSwiftUpdateCheck = 1010;
				LastUpgradeCheck = 1010;
				ORGANIZATIONNAME = "Uli Kusterer";
				TargetAttributes = {
					5509A56621BAB58600FBC0DC = {
						CreatedOnToolsVersion = 10.1;
						LastSwiftMigration = 1010;
					};
					5509A58421BAC50800FBC0DC = {
						CreatedOnToolsVersion = 10.1;
					};
				};
			};
			buildConfigurationList = 5509A56221BAB58600FBC0DC /* Build configuration list for PBXProject "ToolTestProject" */;
			compatibilityVersion = "Xcode 9.3";
			developmentRegion = en;
			hasScannedForEncodings = 0;
			knownRegions = (
				en,
			);
			mainGroup = 5509A55E21BAB58600FBC0DC;
			productRefGroup = 5509A56821BAB58600FBC0DC /* Products */;
			projectDirPath = "";
			projectRoot = "";
			targets = (
				5509A56621BAB58600FBC0DC /* ToolTestProject1 */,
				5509A58421BAC50800FBC0DC /* ToolTestProject2 */,
			);
		};
/* End PBXProject section */

/* Begin PBXSourcesBuildPhase section */
		5509A56321BAB58600FBC0DC /* Sources */ = {
			isa = PBXSourcesBuildPhase;
			buildActionMask = 2147483647;
			files = (
				5509A57E21BAB76900FBC0DC /* ToolTestProject1.swift in Sources */,
				55C37BCA21BFB8010012BC0D /* EntityInfo.generated.swift in Sources */,
			);
			runOnlyForDeploymentPostprocessing = 0;
		};
		5509A58121BAC50800FBC0DC /* Sources */ = {
			isa = PBXSourcesBuildPhase;
			buildActionMask = 2147483647;
			files = (
				5509A58C21BAC56900FBC0DC /* ToolTestProject2.swift in Sources */,
				55C37BCB21BFB8010012BC0D /* EntityInfo.generated.swift in Sources */,
			);
			runOnlyForDeploymentPostprocessing = 0;
		};
/* End PBXSourcesBuildPhase section */

/* Begin XCBuildConfiguration section */
		5509A56C21BAB58600FBC0DC /* Debug */ = {
			isa = XCBuildConfiguration;
			buildSettings = {
				ALWAYS_SEARCH_USER_PATHS = NO;
				CLANG_ANALYZER_NONNULL = YES;
				CLANG_ANALYZER_NUMBER_OBJECT_CONVERSION = YES_AGGRESSIVE;
				CLANG_CXX_LANGUAGE_STANDARD = "gnu++14";
				CLANG_CXX_LIBRARY = "libc++";
				CLANG_ENABLE_MODULES = YES;
				CLANG_ENABLE_OBJC_ARC = YES;
				CLANG_ENABLE_OBJC_WEAK = YES;
				CLANG_WARN_BLOCK_CAPTURE_AUTORELEASING = YES;
				CLANG_WARN_BOOL_CONVERSION = YES;
				CLANG_WARN_COMMA = YES;
				CLANG_WARN_CONSTANT_CONVERSION = YES;
				CLANG_WARN_DEPRECATED_OBJC_IMPLEMENTATIONS = YES;
				CLANG_WARN_DIRECT_OBJC_ISA_USAGE = YES_ERROR;
				CLANG_WARN_DOCUMENTATION_COMMENTS = YES;
				CLANG_WARN_EMPTY_BODY = YES;
				CLANG_WARN_ENUM_CONVERSION = YES;
				CLANG_WARN_INFINITE_RECURSION = YES;
				CLANG_WARN_INT_CONVERSION = YES;
				CLANG_WARN_NON_LITERAL_NULL_CONVERSION = YES;
				CLANG_WARN_OBJC_IMPLICIT_RETAIN_SELF = YES;
				CLANG_WARN_OBJC_LITERAL_CONVERSION = YES;
				CLANG_WARN_OBJC_ROOT_CLASS = YES_ERROR;
				CLANG_WARN_RANGE_LOOP_ANALYSIS = YES;
				CLANG_WARN_STRICT_PROTOTYPES = YES;
				CLANG_WARN_SUSPICIOUS_MOVE = YES;
				CLANG_WARN_UNGUARDED_AVAILABILITY = YES_AGGRESSIVE;
				CLANG_WARN_UNREACHABLE_CODE = YES;
				CLANG_WARN__DUPLICATE_METHOD_MATCH = YES;
				CODE_SIGN_IDENTITY = "-";
				COPY_PHASE_STRIP = NO;
				DEBUG_INFORMATION_FORMAT = dwarf;
				ENABLE_STRICT_OBJC_MSGSEND = YES;
				ENABLE_TESTABILITY = YES;
				GCC_C_LANGUAGE_STANDARD = gnu11;
				GCC_DYNAMIC_NO_PIC = NO;
				GCC_NO_COMMON_BLOCKS = YES;
				GCC_OPTIMIZATION_LEVEL = 0;
				GCC_PREPROCESSOR_DEFINITIONS = (
					"DEBUG=1",
					"$(inherited)",
				);
				GCC_WARN_64_TO_32_BIT_CONVERSION = YES;
				GCC_WARN_ABOUT_RETURN_TYPE = YES_ERROR;
				GCC_WARN_UNDECLARED_SELECTOR = YES;
				GCC_WARN_UNINITIALIZED_AUTOS = YES_AGGRESSIVE;
				GCC_WARN_UNUSED_FUNCTION = YES;
				GCC_WARN_UNUSED_VARIABLE = YES;
				MACOSX_DEPLOYMENT_TARGET = 10.14;
				MTL_ENABLE_DEBUG_INFO = INCLUDE_SOURCE;
				MTL_FAST_MATH = YES;
				ONLY_ACTIVE_ARCH = YES;
				SDKROOT = macosx;
				SWIFT_ACTIVE_COMPILATION_CONDITIONS = DEBUG;
				SWIFT_OPTIMIZATION_LEVEL = "-Onone";
			};
			name = Debug;
		};
		5509A56D21BAB58600FBC0DC /* Release */ = {
			isa = XCBuildConfiguration;
			buildSettings = {
				ALWAYS_SEARCH_USER_PATHS = NO;
				CLANG_ANALYZER_NONNULL = YES;
				CLANG_ANALYZER_NUMBER_OBJECT_CONVERSION = YES_AGGRESSIVE;
				CLANG_CXX_LANGUAGE_STANDARD = "gnu++14";
				CLANG_CXX_LIBRARY = "libc++";
				CLANG_ENABLE_MODULES = YES;
				CLANG_ENABLE_OBJC_ARC = YES;
				CLANG_ENABLE_OBJC_WEAK = YES;
				CLANG_WARN_BLOCK_CAPTURE_AUTORELEASING = YES;
				CLANG_WARN_BOOL_CONVERSION = YES;
				CLANG_WARN_COMMA = YES;
				CLANG_WARN_CONSTANT_CONVERSION = YES;
				CLANG_WARN_DEPRECATED_OBJC_IMPLEMENTATIONS = YES;
				CLANG_WARN_DIRECT_OBJC_ISA_USAGE = YES_ERROR;
				CLANG_WARN_DOCUMENTATION_COMMENTS = YES;
				CLANG_WARN_EMPTY_BODY = YES;
				CLANG_WARN_ENUM_CONVERSION = YES;
				CLANG_WARN_INFINITE_RECURSION = YES;
				CLANG_WARN_INT_CONVERSION = YES;
				CLANG_WARN_NON_LITERAL_NULL_CONVERSION = YES;
				CLANG_WARN_OBJC_IMPLICIT_RETAIN_SELF = YES;
				CLANG_WARN_OBJC_LITERAL_CONVERSION = YES;
				CLANG_WARN_OBJC_ROOT_CLASS = YES_ERROR;
				CLANG_WARN_RANGE_LOOP_ANALYSIS = YES;
				CLANG_WARN_STRICT_PROTOTYPES = YES;
				CLANG_WARN_SUSPICIOUS_MOVE = YES;
				CLANG_WARN_UNGUARDED_AVAILABILITY = YES_AGGRESSIVE;
				CLANG_WARN_UNREACHABLE_CODE = YES;
				CLANG_WARN__DUPLICATE_METHOD_MATCH = YES;
				CODE_SIGN_IDENTITY = "-";
				COPY_PHASE_STRIP = NO;
				DEBUG_INFORMATION_FORMAT = "dwarf-with-dsym";
				ENABLE_NS_ASSERTIONS = NO;
				ENABLE_STRICT_OBJC_MSGSEND = YES;
				GCC_C_LANGUAGE_STANDARD = gnu11;
				GCC_NO_COMMON_BLOCKS = YES;
				GCC_WARN_64_TO_32_BIT_CONVERSION = YES;
				GCC_WARN_ABOUT_RETURN_TYPE = YES_ERROR;
				GCC_WARN_UNDECLARED_SELECTOR = YES;
				GCC_WARN_UNINITIALIZED_AUTOS = YES_AGGRESSIVE;
				GCC_WARN_UNUSED_FUNCTION = YES;
				GCC_WARN_UNUSED_VARIABLE = YES;
				MACOSX_DEPLOYMENT_TARGET = 10.14;
				MTL_ENABLE_DEBUG_INFO = NO;
				MTL_FAST_MATH = YES;
				SDKROOT = macosx;
				SWIFT_COMPILATION_MODE = wholemodule;
				SWIFT_OPTIMIZATION_LEVEL = "-O";
			};
			name = Release;
		};
		5509A56F21BAB58600FBC0DC /* Debug */ = {
			isa = XCBuildConfiguration;
			buildSettings = {
				CLANG_ENABLE_MODULES = YES;
				CODE_SIGN_STYLE = Automatic;
				LD_RUNPATH_SEARCH_PATHS = (
					"$(inherited)",
					"@executable_path/../Frameworks",
					"@loader_path/../Frameworks",
				);
				PRODUCT_NAME = "$(TARGET_NAME)";
				SWIFT_OPTIMIZATION_LEVEL = "-Onone";
				SWIFT_VERSION = 4.2;
			};
			name = Debug;
		};
		5509A57021BAB58600FBC0DC /* Release */ = {
			isa = XCBuildConfiguration;
			buildSettings = {
				CLANG_ENABLE_MODULES = YES;
				CODE_SIGN_STYLE = Automatic;
				LD_RUNPATH_SEARCH_PATHS = (
					"$(inherited)",
					"@executable_path/../Frameworks",
					"@loader_path/../Frameworks",
				);
				PRODUCT_NAME = "$(TARGET_NAME)";
				SWIFT_VERSION = 4.2;
			};
			name = Release;
		};
		5509A58A21BAC50900FBC0DC /* Debug */ = {
			isa = XCBuildConfiguration;
			buildSettings = {
				CODE_SIGN_STYLE = Automatic;
				PRODUCT_NAME = "$(TARGET_NAME)";
				SWIFT_VERSION = 4.2;
			};
			name = Debug;
		};
		5509A58B21BAC50900FBC0DC /* Release */ = {
			isa = XCBuildConfiguration;
			buildSettings = {
				CODE_SIGN_STYLE = Automatic;
				PRODUCT_NAME = "$(TARGET_NAME)";
				SWIFT_VERSION = 4.2;
			};
			name = Release;
		};
/* End XCBuildConfiguration section */

/* Begin XCConfigurationList section */
		5509A56221BAB58600FBC0DC /* Build configuration list for PBXProject "ToolTestProject" */ = {
			isa = XCConfigurationList;
			buildConfigurations = (
				5509A56C21BAB58600FBC0DC /* Debug */,
				5509A56D21BAB58600FBC0DC /* Release */,
			);
			defaultConfigurationIsVisible = 0;
			defaultConfigurationName = Release;
		};
		5509A56E21BAB58600FBC0DC /* Build configuration list for PBXNativeTarget "ToolTestProject1" */ = {
			isa = XCConfigurationList;
			buildConfigurations = (
				5509A56F21BAB58600FBC0DC /* Debug */,
				5509A57021BAB58600FBC0DC /* Release */,
			);
			defaultConfigurationIsVisible = 0;
			defaultConfigurationName = Release;
		};
		5509A58921BAC50900FBC0DC /* Build configuration list for PBXNativeTarget "ToolTestProject2" */ = {
			isa = XCConfigurationList;
			buildConfigurations = (
				5509A58A21BAC50900FBC0DC /* Debug */,
				5509A58B21BAC50900FBC0DC /* Release */,
			);
			defaultConfigurationIsVisible = 0;
			defaultConfigurationName = Release;
		};
/* End XCConfigurationList section */
	};
	rootObject = 5509A55F21BAB58600FBC0DC /* Project object */;
}
